
Microsoft Visual Studio Solution File, Format Version 11.00
# Visual C# Express 2010
Project("{FAE04EC0-301F-11D3-BF4B-00C04F79EFBC}") = "Nemira", "Nemira\Nemira.csproj", "{F3554A40-77ED-42D9-B8A7-D873974A2BD6}"
EndProject
Project("{FAE04EC0-301F-11D3-BF4B-00C04F79EFBC}") = "GoogleReader.API", "GoogleReader.API\GoogleReader.API.csproj", "{3572FB41-219C-47DB-8706-3533FF8494F6}"
EndProject
Project("{FAE04EC0-301F-11D3-BF4B-00C04F79EFBC}") = "GoogleReader.API.Tests", "GoogleReader.API.Tests\GoogleReader.API.Tests.csproj", "{0D76A877-680D-46F8-AF5D-4E128DB83D6F}"
EndProject
Project("{FAE04EC0-301F-11D3-BF4B-00C04F79EFBC}") = "Nemira.Tests", "Nemira.Tests\Nemira.Tests.csproj", "{772BFFCE-00D3-4025-92FA-C68934E7A759}"
EndProject
Global
	GlobalSection(SolutionConfigurationPlatforms) = preSolution
		Debug|Any CPU = Debug|Any CPU
		Debug|Mixed Platforms = Debug|Mixed Platforms
		Debug|x86 = Debug|x86
		Release|Any CPU = Release|Any CPU
		Release|Mixed Platforms = Release|Mixed Platforms
		Release|x86 = Release|x86
	EndGlobalSection
	GlobalSection(ProjectConfigurationPlatforms) = postSolution
		{F3554A40-77ED-42D9-B8A7-D873974A2BD6}.Debug|Any CPU.ActiveCfg = Debug|x86
		{F3554A40-77ED-42D9-B8A7-D873974A2BD6}.Debug|Mixed Platforms.ActiveCfg = Debug|x86
		{F3554A40-77ED-42D9-B8A7-D873974A2BD6}.Debug|Mixed Platforms.Build.0 = Debug|x86
		{F3554A40-77ED-42D9-B8A7-D873974A2BD6}.Debug|x86.ActiveCfg = Debug|x86
		{F3554A40-77ED-42D9-B8A7-D873974A2BD6}.Debug|x86.Build.0 = Debug|x86
		{F3554A40-77ED-42D9-B8A7-D873974A2BD6}.Release|Any CPU.ActiveCfg = Release|x86
		{F3554A40-77ED-42D9-B8A7-D873974A2BD6}.Release|Mixed Platforms.ActiveCfg = Debug|x86
		{F3554A40-77ED-42D9-B8A7-D873974A2BD6}.Release|Mixed Platforms.Build.0 = Debug|x86
		{F3554A40-77ED-42D9-B8A7-D873974A2BD6}.Release|x86.ActiveCfg = Release|x86
		{F3554A40-77ED-42D9-B8A7-D873974A2BD6}.Release|x86.Build.0 = Release|x86
		{3572FB41-219C-47DB-8706-3533FF8494F6}.Debug|Any CPU.ActiveCfg = Debug|x86
		{3572FB41-219C-47DB-8706-3533FF8494F6}.Debug|Mixed Platforms.ActiveCfg = Debug|x86
		{3572FB41-219C-47DB-8706-3533FF8494F6}.Debug|Mixed Platforms.Build.0 = Debug|x86
		{3572FB41-219C-47DB-8706-3533FF8494F6}.Debug|x86.ActiveCfg = Debug|x86
		{3572FB41-219C-47DB-8706-3533FF8494F6}.Debug|x86.Build.0 = Debug|x86
		{3572FB41-219C-47DB-8706-3533FF8494F6}.Release|Any CPU.ActiveCfg = Release|x86
		{3572FB41-219C-47DB-8706-3533FF8494F6}.Release|Mixed Platforms.ActiveCfg = Release|x86
		{3572FB41-219C-47DB-8706-3533FF8494F6}.Release|Mixed Platforms.Build.0 = Release|x86
		{3572FB41-219C-47DB-8706-3533FF8494F6}.Release|x86.ActiveCfg = Release|x86
		{3572FB41-219C-47DB-8706-3533FF8494F6}.Release|x86.Build.0 = Release|x86
		{0D76A877-680D-46F8-AF5D-4E128DB83D6F}.Debug|Any CPU.ActiveCfg = Debug|Any CPU
		{0D76A877-680D-46F8-AF5D-4E128DB83D6F}.Debug|Any CPU.Build.0 = Debug|Any CPU
		{0D76A877-680D-46F8-AF5D-4E128DB83D6F}.Debug|Mixed Platforms.ActiveCfg = Debug|Any CPU
		{0D76A877-680D-46F8-AF5D-4E128DB83D6F}.Debug|Mixed Platforms.Build.0 = Debug|Any CPU
		{0D76A877-680D-46F8-AF5D-4E128DB83D6F}.Debug|x86.ActiveCfg = Debug|Any CPU
		{0D76A877-680D-46F8-AF5D-4E128DB83D6F}.Release|Any CPU.ActiveCfg = Release|Any CPU
		{0D76A877-680D-46F8-AF5D-4E128DB83D6F}.Release|Any CPU.Build.0 = Release|Any CPU
		{0D76A877-680D-46F8-AF5D-4E128DB83D6F}.Release|Mixed Platforms.ActiveCfg = Release|Any CPU
		{0D76A877-680D-46F8-AF5D-4E128DB83D6F}.Release|Mixed Platforms.Build.0 = Release|Any CPU
		{0D76A877-680D-46F8-AF5D-4E128DB83D6F}.Release|x86.ActiveCfg = Release|Any CPU
		{772BFFCE-00D3-4025-92FA-C68934E7A759}.Debug|Any CPU.ActiveCfg = Debug|Any CPU
		{772BFFCE-00D3-4025-92FA-C68934E7A759}.Debug|Any CPU.Build.0 = Debug|Any CPU
		{772BFFCE-00D3-4025-92FA-C68934E7A759}.Debug|Mixed Platforms.ActiveCfg = Debug|Any CPU
		{772BFFCE-00D3-4025-92FA-C68934E7A759}.Debug|Mixed Platforms.Build.0 = Debug|Any CPU
		{772BFFCE-00D3-4025-92FA-C68934E7A759}.Debug|x86.ActiveCfg = Debug|Any CPU
		{772BFFCE-00D3-4025-92FA-C68934E7A759}.Release|Any CPU.ActiveCfg = Release|Any CPU
		{772BFFCE-00D3-4025-92FA-C68934E7A759}.Release|Any CPU.Build.0 = Release|Any CPU
		{772BFFCE-00D3-4025-92FA-C68934E7A759}.Release|Mixed Platforms.ActiveCfg = Release|Any CPU
		{772BFFCE-00D3-4025-92FA-C68934E7A759}.Release|Mixed Platforms.Build.0 = Release|Any CPU
		{772BFFCE-00D3-4025-92FA-C68934E7A759}.Release|x86.ActiveCfg = Release|Any CPU
	EndGlobalSection
	GlobalSection(SolutionProperties) = preSolution
		HideSolutionNode = FALSE
	EndGlobalSection
EndGlobal
